
Microsoft Visual Studio Solution File, Format Version 12.00
# Visual Studio Version 17
VisualStudioVersion = 17.11.35222.181
MinimumVisualStudioVersion = 10.0.40219.1
Project("{FAE04EC0-301F-11D3-BF4B-00C04F79EFBC}") = "First_WPF_Practice", "First_WPF_Practice.csproj", "{5447E5C1-6806-4A7A-A426-501B917C23D4}"
EndProject
Global
	GlobalSection(SolutionConfigurationPlatforms) = preSolution
		Debug|Any CPU = Debug|Any CPU
		Release|Any CPU = Release|Any CPU
	EndGlobalSection
	GlobalSection(ProjectConfigurationPlatforms) = postSolution
		{5447E5C1-6806-4A7A-A426-501B917C23D4}.Debug|Any CPU.ActiveCfg = Debug|Any CPU
		{5447E5C1-6806-4A7A-A426-501B917C23D4}.Debug|Any CPU.Build.0 = Debug|Any CPU
		{5447E5C1-6806-4A7A-A426-501B917C23D4}.Release|Any CPU.ActiveCfg = Release|Any CPU
		{5447E5C1-6806-4A7A-A426-501B917C23D4}.Release|Any CPU.Build.0 = Release|Any CPU
	EndGlobalSection
	GlobalSection(SolutionProperties) = preSolution
		HideSolutionNode = FALSE
	EndGlobalSection
	GlobalSection(ExtensibilityGlobals) = postSolution
		SolutionGuid = {A5F7F3BE-0435-4A0A-8B3F-A7C1E62C172E}
	EndGlobalSection
EndGlobal
